
Microsoft Visual Studio Solution File, Format Version 12.00
Project("{FAE04EC0-301F-11D3-BF4B-00C04F79EFBC}") = "MovieShopApp", "MovieShopApp\MovieShopApp.csproj", "{EE231EA2-28D9-4A2D-976B-2FA3AED9F8CE}"
EndProject
Project("{FAE04EC0-301F-11D3-BF4B-00C04F79EFBC}") = "MovieShopCore", "MovieShopCore\MovieShopCore.csproj", "{B242F6D6-31C0-4829-BADC-5747FE705874}"
EndProject
Project("{FAE04EC0-301F-11D3-BF4B-00C04F79EFBC}") = "MovieShopInfrastructure", "MovieShopInfrastructure\MovieShopInfrastructure.csproj", "{E0093EDC-5B31-47C2-BB82-2BB20792C6F2}"
EndProject
Global
	GlobalSection(SolutionConfigurationPlatforms) = preSolution
		Debug|Any CPU = Debug|Any CPU
		Release|Any CPU = Release|Any CPU
	EndGlobalSection
	GlobalSection(ProjectConfigurationPlatforms) = postSolution
		{EE231EA2-28D9-4A2D-976B-2FA3AED9F8CE}.Debug|Any CPU.ActiveCfg = Debug|Any CPU
		{EE231EA2-28D9-4A2D-976B-2FA3AED9F8CE}.Debug|Any CPU.Build.0 = Debug|Any CPU
		{EE231EA2-28D9-4A2D-976B-2FA3AED9F8CE}.Release|Any CPU.ActiveCfg = Release|Any CPU
		{EE231EA2-28D9-4A2D-976B-2FA3AED9F8CE}.Release|Any CPU.Build.0 = Release|Any CPU
		{B242F6D6-31C0-4829-BADC-5747FE705874}.Debug|Any CPU.ActiveCfg = Debug|Any CPU
		{B242F6D6-31C0-4829-BADC-5747FE705874}.Debug|Any CPU.Build.0 = Debug|Any CPU
		{B242F6D6-31C0-4829-BADC-5747FE705874}.Release|Any CPU.ActiveCfg = Release|Any CPU
		{B242F6D6-31C0-4829-BADC-5747FE705874}.Release|Any CPU.Build.0 = Release|Any CPU
		{E0093EDC-5B31-47C2-BB82-2BB20792C6F2}.Debug|Any CPU.ActiveCfg = Debug|Any CPU
		{E0093EDC-5B31-47C2-BB82-2BB20792C6F2}.Debug|Any CPU.Build.0 = Debug|Any CPU
		{E0093EDC-5B31-47C2-BB82-2BB20792C6F2}.Release|Any CPU.ActiveCfg = Release|Any CPU
		{E0093EDC-5B31-47C2-BB82-2BB20792C6F2}.Release|Any CPU.Build.0 = Release|Any CPU
	EndGlobalSection
EndGlobal
