
Microsoft Visual Studio Solution File, Format Version 12.00
Project("{FAE04EC0-301F-11D3-BF4B-00C04F79EFBC}") = "Order.API", "Order.API\Order.API.csproj", "{D21B603B-1C95-4394-AAAF-A877B52DE48E}"
EndProject
Project("{FAE04EC0-301F-11D3-BF4B-00C04F79EFBC}") = "Order.ApplicationCore", "Order.ApplicationCore\Order.ApplicationCore.csproj", "{E06C8C8F-931B-4EC9-AA55-B29DC1662FED}"
EndProject
Project("{FAE04EC0-301F-11D3-BF4B-00C04F79EFBC}") = "OrderInfrastructure", "OrderInfrastructure\OrderInfrastructure.csproj", "{3C0AF47A-BD75-4F71-B738-FEE390B44169}"
EndProject
Global
	GlobalSection(SolutionConfigurationPlatforms) = preSolution
		Debug|Any CPU = Debug|Any CPU
		Release|Any CPU = Release|Any CPU
	EndGlobalSection
	GlobalSection(ProjectConfigurationPlatforms) = postSolution
		{D21B603B-1C95-4394-AAAF-A877B52DE48E}.Debug|Any CPU.ActiveCfg = Debug|Any CPU
		{D21B603B-1C95-4394-AAAF-A877B52DE48E}.Debug|Any CPU.Build.0 = Debug|Any CPU
		{D21B603B-1C95-4394-AAAF-A877B52DE48E}.Release|Any CPU.ActiveCfg = Release|Any CPU
		{D21B603B-1C95-4394-AAAF-A877B52DE48E}.Release|Any CPU.Build.0 = Release|Any CPU
		{E06C8C8F-931B-4EC9-AA55-B29DC1662FED}.Debug|Any CPU.ActiveCfg = Debug|Any CPU
		{E06C8C8F-931B-4EC9-AA55-B29DC1662FED}.Debug|Any CPU.Build.0 = Debug|Any CPU
		{E06C8C8F-931B-4EC9-AA55-B29DC1662FED}.Release|Any CPU.ActiveCfg = Release|Any CPU
		{E06C8C8F-931B-4EC9-AA55-B29DC1662FED}.Release|Any CPU.Build.0 = Release|Any CPU
		{3C0AF47A-BD75-4F71-B738-FEE390B44169}.Debug|Any CPU.ActiveCfg = Debug|Any CPU
		{3C0AF47A-BD75-4F71-B738-FEE390B44169}.Debug|Any CPU.Build.0 = Debug|Any CPU
		{3C0AF47A-BD75-4F71-B738-FEE390B44169}.Release|Any CPU.ActiveCfg = Release|Any CPU
		{3C0AF47A-BD75-4F71-B738-FEE390B44169}.Release|Any CPU.Build.0 = Release|Any CPU
	EndGlobalSection
EndGlobal
